
Microsoft Visual Studio Solution File, Format Version 12.00
# Visual Studio 15
VisualStudioVersion = 15.0.27428.2037
MinimumVisualStudioVersion = 10.0.40219.1
Project("{FAE04EC0-301F-11D3-BF4B-00C04F79EFBC}") = "LetCode", "LetCode\LetCode.csproj", "{36D33D8F-4CBB-463C-8E0D-DE205B6EF1AA}"
EndProject
Global
	GlobalSection(SolutionConfigurationPlatforms) = preSolution
		Debug|Any CPU = Debug|Any CPU
		Release|Any CPU = Release|Any CPU
	EndGlobalSection
	GlobalSection(ProjectConfigurationPlatforms) = postSolution
		{36D33D8F-4CBB-463C-8E0D-DE205B6EF1AA}.Debug|Any CPU.ActiveCfg = Debug|Any CPU
		{36D33D8F-4CBB-463C-8E0D-DE205B6EF1AA}.Debug|Any CPU.Build.0 = Debug|Any CPU
		{36D33D8F-4CBB-463C-8E0D-DE205B6EF1AA}.Release|Any CPU.ActiveCfg = Release|Any CPU
		{36D33D8F-4CBB-463C-8E0D-DE205B6EF1AA}.Release|Any CPU.Build.0 = Release|Any CPU
	EndGlobalSection
	GlobalSection(SolutionProperties) = preSolution
		HideSolutionNode = FALSE
	EndGlobalSection
	GlobalSection(ExtensibilityGlobals) = postSolution
		SolutionGuid = {4434D362-C56C-4D04-9629-23FEB7AF5DBF}
	EndGlobalSection
EndGlobal
